{
  "name": "Vendas-vexia",
  "lockfileVersion": 3,
  "requires": true,
  "packages": {
    "": {
      "dependencies": {
        "@hcaptcha/react-hcaptcha": "^2.0.2"
      }
    },
    "node_modules/@hcaptcha/react-hcaptcha": {
      "version": "2.0.2",
      "resolved": "https://registry.npmjs.org/@hcaptcha/react-hcaptcha/-/react-hcaptcha-2.0.2.tgz",
      "integrity": "sha512-VbuH6VJ6m3BHmVBHs0fL9t+suZd7PQEqCzqL2BiUbBvbHI3XfvSgdiug2QiEPN8zskbPTIV/FfGPF53JCckrow==",
      "license": "MIT"
    }
  }
}
